Microsoft Visual Studio Solution File, Format Version 8.00
Project("{FAE04EC0-301F-11D3-BF4B-00C04F79EFBC}") = "HelloWorld_doclit", "http://localhost/HelloWorld_doclit/HelloWorld_doclit.csproj", "{67866A25-F4FB-4E01-BBB2-C05116DF9BB2}"
	ProjectSection(ProjectDependencies) = postProject
	EndProjectSection
EndProject
Global
	GlobalSection(SolutionConfiguration) = preSolution
		Debug = Debug
		Release = Release
	EndGlobalSection
	GlobalSection(ProjectConfiguration) = postSolution
		{67866A25-F4FB-4E01-BBB2-C05116DF9BB2}.Debug.ActiveCfg = Debug|.NET
		{67866A25-F4FB-4E01-BBB2-C05116DF9BB2}.Debug.Build.0 = Debug|.NET
		{67866A25-F4FB-4E01-BBB2-C05116DF9BB2}.Release.ActiveCfg = Release|.NET
		{67866A25-F4FB-4E01-BBB2-C05116DF9BB2}.Release.Build.0 = Release|.NET
	EndGlobalSection
	GlobalSection(ExtensibilityGlobals) = postSolution
	EndGlobalSection
	GlobalSection(ExtensibilityAddIns) = postSolution
	EndGlobalSection
EndGlobal
